Microsoft Visual Studio Solution File, Format Version 12.00
# Visual Studio 16
Project("{8BC9CEB8-8B4A-11D0-8D11-00A0C91BC942}") = "ALL_BUILD", "ALL_BUILD.vcxproj", "{A741328A-B4A6-31A4-A7C1-7B1BDB79302B}"
	ProjectSection(ProjectDependencies) = postProject
		{68CB964B-6CF7-3F46-A0B8-FEAE85117291} = {68CB964B-6CF7-3F46-A0B8-FEAE85117291}
		{9CF2A1DB-A638-333C-AE35-D43043B3DC41} = {9CF2A1DB-A638-333C-AE35-D43043B3DC41}
		{A08DF81A-7331-3B9E-98FA-BE66980061CE} = {A08DF81A-7331-3B9E-98FA-BE66980061CE}
		{E94A77F5-B6A4-31EB-A12B-AE6B1E520B4E} = {E94A77F5-B6A4-31EB-A12B-AE6B1E520B4E}
		{C8D0D80B-7D48-318D-BC58-F618C5596EBE} = {C8D0D80B-7D48-318D-BC58-F618C5596EBE}
		{430564E6-6B96-3481-B1AC-D800882D3D1B} = {430564E6-6B96-3481-B1AC-D800882D3D1B}
		{41B707E7-F897-37EA-BC49-BE30898D7519} = {41B707E7-F897-37EA-BC49-BE30898D7519}
		{970E3E29-C117-3319-8508-D1EC406D8FA4} = {970E3E29-C117-3319-8508-D1EC406D8FA4}
		{BCCE8504-7CDC-3893-9336-7B7F45C8841B} = {BCCE8504-7CDC-3893-9336-7B7F45C8841B}
		{88DDAB3C-BE37-300F-A4E7-CC116B1D7D9D} = {88DDAB3C-BE37-300F-A4E7-CC116B1D7D9D}
		{5A7EE6E5-37D8-3A3F-8728-6E40838ECA9E} = {5A7EE6E5-37D8-3A3F-8728-6E40838ECA9E}
		{5C1FB480-A138-3640-9933-D63AADE54B69} = {5C1FB480-A138-3640-9933-D63AADE54B69}
		{F0855FF3-3982-3536-A26E-5312E050A135} = {F0855FF3-3982-3536-A26E-5312E050A135}
		{26F9A584-483B-329B-89CB-FBBCE02A2752} = {26F9A584-483B-329B-89CB-FBBCE02A2752}
		{CE853954-9F28-34EC-AE22-755854582678} = {CE853954-9F28-34EC-AE22-755854582678}
		{05E9FD63-71FA-334C-B0AF-DA99D67BD177} = {05E9FD63-71FA-334C-B0AF-DA99D67BD177}
		{F1906A70-80D3-3C4C-8C30-FBE27D68BA94} = {F1906A70-80D3-3C4C-8C30-FBE27D68BA94}
		{E312F05F-C6CD-3992-9464-1FBB2CA20FA7} = {E312F05F-C6CD-3992-9464-1FBB2CA20FA7}
		{744FB92B-7149-3641-8698-28C2307897CF} = {744FB92B-7149-3641-8698-28C2307897CF}
		{FCB774B6-7966-377B-8992-71248302A4BD} = {FCB774B6-7966-377B-8992-71248302A4BD}
		{43ABE2CF-97F1-36E5-B421-9716D1C1A14D} = {43ABE2CF-97F1-36E5-B421-9716D1C1A14D}
		{F3B300FB-3612-3CC6-A832-99D5AB7A71A4} = {F3B300FB-3612-3CC6-A832-99D5AB7A71A4}
		{6992D518-2F86-39A1-A03C-940443743915} = {6992D518-2F86-39A1-A03C-940443743915}
		{CFF7F925-2326-332F-85FF-94A3EDCC4AFB} = {CFF7F925-2326-332F-85FF-94A3EDCC4AFB}
		{41C4C707-16D3-34B9-9F93-B89A1CFC17AE} = {41C4C707-16D3-34B9-9F93-B89A1CFC17AE}
	EndProjectSection
EndProject
Project("{8BC9CEB8-8B4A-11D0-8D11-00A0C91BC942}") = "CallbackMaker", "CallbackMaker.vcxproj", "{68CB964B-6CF7-3F46-A0B8-FEAE85117291}"
	ProjectSection(ProjectDependencies) = postProject
		{F0855FF3-3982-3536-A26E-5312E050A135} = {F0855FF3-3982-3536-A26E-5312E050A135}
		{26F9A584-483B-329B-89CB-FBBCE02A2752} = {26F9A584-483B-329B-89CB-FBBCE02A2752}
	EndProjectSection
EndProject
Project("{8BC9CEB8-8B4A-11D0-8D11-00A0C91BC942}") = "CallbackMaker_static", "CallbackMaker_static.vcxproj", "{9CF2A1DB-A638-333C-AE35-D43043B3DC41}"
	ProjectSection(ProjectDependencies) = postProject
		{F0855FF3-3982-3536-A26E-5312E050A135} = {F0855FF3-3982-3536-A26E-5312E050A135}
		{CE853954-9F28-34EC-AE22-755854582678} = {CE853954-9F28-34EC-AE22-755854582678}
	EndProjectSection
EndProject
Project("{8BC9CEB8-8B4A-11D0-8D11-00A0C91BC942}") = "Fractals", "Fractals.vcxproj", "{A08DF81A-7331-3B9E-98FA-BE66980061CE}"
	ProjectSection(ProjectDependencies) = postProject
		{F0855FF3-3982-3536-A26E-5312E050A135} = {F0855FF3-3982-3536-A26E-5312E050A135}
		{26F9A584-483B-329B-89CB-FBBCE02A2752} = {26F9A584-483B-329B-89CB-FBBCE02A2752}
	EndProjectSection
EndProject
Project("{8BC9CEB8-8B4A-11D0-8D11-00A0C91BC942}") = "Fractals_random", "Fractals_random.vcxproj", "{E94A77F5-B6A4-31EB-A12B-AE6B1E520B4E}"
	ProjectSection(ProjectDependencies) = postProject
		{F0855FF3-3982-3536-A26E-5312E050A135} = {F0855FF3-3982-3536-A26E-5312E050A135}
		{26F9A584-483B-329B-89CB-FBBCE02A2752} = {26F9A584-483B-329B-89CB-FBBCE02A2752}
	EndProjectSection
EndProject
Project("{8BC9CEB8-8B4A-11D0-8D11-00A0C91BC942}") = "Fractals_random_static", "Fractals_random_static.vcxproj", "{C8D0D80B-7D48-318D-BC58-F618C5596EBE}"
	ProjectSection(ProjectDependencies) = postProject
		{F0855FF3-3982-3536-A26E-5312E050A135} = {F0855FF3-3982-3536-A26E-5312E050A135}
		{CE853954-9F28-34EC-AE22-755854582678} = {CE853954-9F28-34EC-AE22-755854582678}
	EndProjectSection
EndProject
Project("{8BC9CEB8-8B4A-11D0-8D11-00A0C91BC942}") = "Fractals_static", "Fractals_static.vcxproj", "{430564E6-6B96-3481-B1AC-D800882D3D1B}"
	ProjectSection(ProjectDependencies) = postProject
		{F0855FF3-3982-3536-A26E-5312E050A135} = {F0855FF3-3982-3536-A26E-5312E050A135}
		{CE853954-9F28-34EC-AE22-755854582678} = {CE853954-9F28-34EC-AE22-755854582678}
	EndProjectSection
EndProject
Project("{8BC9CEB8-8B4A-11D0-8D11-00A0C91BC942}") = "INSTALL", "INSTALL.vcxproj", "{169AB04C-8BB2-3C0B-82AD-D07536C8B535}"
	ProjectSection(ProjectDependencies) = postProject
		{A741328A-B4A6-31A4-A7C1-7B1BDB79302B} = {A741328A-B4A6-31A4-A7C1-7B1BDB79302B}
		{F0855FF3-3982-3536-A26E-5312E050A135} = {F0855FF3-3982-3536-A26E-5312E050A135}
	EndProjectSection
EndProject
Project("{8BC9CEB8-8B4A-11D0-8D11-00A0C91BC942}") = "Lorenz", "Lorenz.vcxproj", "{41B707E7-F897-37EA-BC49-BE30898D7519}"
	ProjectSection(ProjectDependencies) = postProject
		{F0855FF3-3982-3536-A26E-5312E050A135} = {F0855FF3-3982-3536-A26E-5312E050A135}
		{26F9A584-483B-329B-89CB-FBBCE02A2752} = {26F9A584-483B-329B-89CB-FBBCE02A2752}
	EndProjectSection
EndProject
Project("{8BC9CEB8-8B4A-11D0-8D11-00A0C91BC942}") = "Lorenz_static", "Lorenz_static.vcxproj", "{970E3E29-C117-3319-8508-D1EC406D8FA4}"
	ProjectSection(ProjectDependencies) = postProject
		{F0855FF3-3982-3536-A26E-5312E050A135} = {F0855FF3-3982-3536-A26E-5312E050A135}
		{CE853954-9F28-34EC-AE22-755854582678} = {CE853954-9F28-34EC-AE22-755854582678}
	EndProjectSection
EndProject
Project("{8BC9CEB8-8B4A-11D0-8D11-00A0C91BC942}") = "One", "One.vcxproj", "{BCCE8504-7CDC-3893-9336-7B7F45C8841B}"
	ProjectSection(ProjectDependencies) = postProject
		{F0855FF3-3982-3536-A26E-5312E050A135} = {F0855FF3-3982-3536-A26E-5312E050A135}
		{26F9A584-483B-329B-89CB-FBBCE02A2752} = {26F9A584-483B-329B-89CB-FBBCE02A2752}
	EndProjectSection
EndProject
Project("{8BC9CEB8-8B4A-11D0-8D11-00A0C91BC942}") = "One_static", "One_static.vcxproj", "{88DDAB3C-BE37-300F-A4E7-CC116B1D7D9D}"
	ProjectSection(ProjectDependencies) = postProject
		{F0855FF3-3982-3536-A26E-5312E050A135} = {F0855FF3-3982-3536-A26E-5312E050A135}
		{CE853954-9F28-34EC-AE22-755854582678} = {CE853954-9F28-34EC-AE22-755854582678}
	EndProjectSection
EndProject
Project("{8BC9CEB8-8B4A-11D0-8D11-00A0C91BC942}") = "Resizer", "Resizer.vcxproj", "{5A7EE6E5-37D8-3A3F-8728-6E40838ECA9E}"
	ProjectSection(ProjectDependencies) = postProject
		{F0855FF3-3982-3536-A26E-5312E050A135} = {F0855FF3-3982-3536-A26E-5312E050A135}
		{26F9A584-483B-329B-89CB-FBBCE02A2752} = {26F9A584-483B-329B-89CB-FBBCE02A2752}
	EndProjectSection
EndProject
Project("{8BC9CEB8-8B4A-11D0-8D11-00A0C91BC942}") = "Resizer_static", "Resizer_static.vcxproj", "{5C1FB480-A138-3640-9933-D63AADE54B69}"
	ProjectSection(ProjectDependencies) = postProject
		{F0855FF3-3982-3536-A26E-5312E050A135} = {F0855FF3-3982-3536-A26E-5312E050A135}
		{CE853954-9F28-34EC-AE22-755854582678} = {CE853954-9F28-34EC-AE22-755854582678}
	EndProjectSection
EndProject
Project("{8BC9CEB8-8B4A-11D0-8D11-00A0C91BC942}") = "ZERO_CHECK", "ZERO_CHECK.vcxproj", "{F0855FF3-3982-3536-A26E-5312E050A135}"
	ProjectSection(ProjectDependencies) = postProject
	EndProjectSection
EndProject
Project("{8BC9CEB8-8B4A-11D0-8D11-00A0C91BC942}") = "freeglut", "freeglut.vcxproj", "{26F9A584-483B-329B-89CB-FBBCE02A2752}"
	ProjectSection(ProjectDependencies) = postProject
		{F0855FF3-3982-3536-A26E-5312E050A135} = {F0855FF3-3982-3536-A26E-5312E050A135}
	EndProjectSection
EndProject
Project("{8BC9CEB8-8B4A-11D0-8D11-00A0C91BC942}") = "freeglut_static", "freeglut_static.vcxproj", "{CE853954-9F28-34EC-AE22-755854582678}"
	ProjectSection(ProjectDependencies) = postProject
		{F0855FF3-3982-3536-A26E-5312E050A135} = {F0855FF3-3982-3536-A26E-5312E050A135}
	EndProjectSection
EndProject
Project("{8BC9CEB8-8B4A-11D0-8D11-00A0C91BC942}") = "multi-touch", "multi-touch.vcxproj", "{05E9FD63-71FA-334C-B0AF-DA99D67BD177}"
	ProjectSection(ProjectDependencies) = postProject
		{F0855FF3-3982-3536-A26E-5312E050A135} = {F0855FF3-3982-3536-A26E-5312E050A135}
		{26F9A584-483B-329B-89CB-FBBCE02A2752} = {26F9A584-483B-329B-89CB-FBBCE02A2752}
	EndProjectSection
EndProject
Project("{8BC9CEB8-8B4A-11D0-8D11-00A0C91BC942}") = "multi-touch_static", "multi-touch_static.vcxproj", "{F1906A70-80D3-3C4C-8C30-FBE27D68BA94}"
	ProjectSection(ProjectDependencies) = postProject
		{F0855FF3-3982-3536-A26E-5312E050A135} = {F0855FF3-3982-3536-A26E-5312E050A135}
		{CE853954-9F28-34EC-AE22-755854582678} = {CE853954-9F28-34EC-AE22-755854582678}
	EndProjectSection
EndProject
Project("{8BC9CEB8-8B4A-11D0-8D11-00A0C91BC942}") = "shapes", "shapes.vcxproj", "{E312F05F-C6CD-3992-9464-1FBB2CA20FA7}"
	ProjectSection(ProjectDependencies) = postProject
		{F0855FF3-3982-3536-A26E-5312E050A135} = {F0855FF3-3982-3536-A26E-5312E050A135}
		{26F9A584-483B-329B-89CB-FBBCE02A2752} = {26F9A584-483B-329B-89CB-FBBCE02A2752}
	EndProjectSection
EndProject
Project("{8BC9CEB8-8B4A-11D0-8D11-00A0C91BC942}") = "shapes_static", "shapes_static.vcxproj", "{744FB92B-7149-3641-8698-28C2307897CF}"
	ProjectSection(ProjectDependencies) = postProject
		{F0855FF3-3982-3536-A26E-5312E050A135} = {F0855FF3-3982-3536-A26E-5312E050A135}
		{CE853954-9F28-34EC-AE22-755854582678} = {CE853954-9F28-34EC-AE22-755854582678}
	EndProjectSection
EndProject
Project("{8BC9CEB8-8B4A-11D0-8D11-00A0C91BC942}") = "smooth_opengl3", "smooth_opengl3.vcxproj", "{FCB774B6-7966-377B-8992-71248302A4BD}"
	ProjectSection(ProjectDependencies) = postProject
		{F0855FF3-3982-3536-A26E-5312E050A135} = {F0855FF3-3982-3536-A26E-5312E050A135}
		{26F9A584-483B-329B-89CB-FBBCE02A2752} = {26F9A584-483B-329B-89CB-FBBCE02A2752}
	EndProjectSection
EndProject
Project("{8BC9CEB8-8B4A-11D0-8D11-00A0C91BC942}") = "smooth_opengl3_static", "smooth_opengl3_static.vcxproj", "{43ABE2CF-97F1-36E5-B421-9716D1C1A14D}"
	ProjectSection(ProjectDependencies) = postProject
		{F0855FF3-3982-3536-A26E-5312E050A135} = {F0855FF3-3982-3536-A26E-5312E050A135}
		{CE853954-9F28-34EC-AE22-755854582678} = {CE853954-9F28-34EC-AE22-755854582678}
	EndProjectSection
EndProject
Project("{8BC9CEB8-8B4A-11D0-8D11-00A0C91BC942}") = "subwin", "subwin.vcxproj", "{F3B300FB-3612-3CC6-A832-99D5AB7A71A4}"
	ProjectSection(ProjectDependencies) = postProject
		{F0855FF3-3982-3536-A26E-5312E050A135} = {F0855FF3-3982-3536-A26E-5312E050A135}
		{26F9A584-483B-329B-89CB-FBBCE02A2752} = {26F9A584-483B-329B-89CB-FBBCE02A2752}
	EndProjectSection
EndProject
Project("{8BC9CEB8-8B4A-11D0-8D11-00A0C91BC942}") = "subwin_static", "subwin_static.vcxproj", "{6992D518-2F86-39A1-A03C-940443743915}"
	ProjectSection(ProjectDependencies) = postProject
		{F0855FF3-3982-3536-A26E-5312E050A135} = {F0855FF3-3982-3536-A26E-5312E050A135}
		{CE853954-9F28-34EC-AE22-755854582678} = {CE853954-9F28-34EC-AE22-755854582678}
	EndProjectSection
EndProject
Project("{8BC9CEB8-8B4A-11D0-8D11-00A0C91BC942}") = "timer", "timer.vcxproj", "{CFF7F925-2326-332F-85FF-94A3EDCC4AFB}"
	ProjectSection(ProjectDependencies) = postProject
		{F0855FF3-3982-3536-A26E-5312E050A135} = {F0855FF3-3982-3536-A26E-5312E050A135}
		{26F9A584-483B-329B-89CB-FBBCE02A2752} = {26F9A584-483B-329B-89CB-FBBCE02A2752}
	EndProjectSection
EndProject
Project("{8BC9CEB8-8B4A-11D0-8D11-00A0C91BC942}") = "timer_static", "timer_static.vcxproj", "{41C4C707-16D3-34B9-9F93-B89A1CFC17AE}"
	ProjectSection(ProjectDependencies) = postProject
		{F0855FF3-3982-3536-A26E-5312E050A135} = {F0855FF3-3982-3536-A26E-5312E050A135}
		{CE853954-9F28-34EC-AE22-755854582678} = {CE853954-9F28-34EC-AE22-755854582678}
	EndProjectSection
EndProject
Global
	GlobalSection(SolutionConfigurationPlatforms) = preSolution
		Debug|x64 = Debug|x64
		Release|x64 = Release|x64
		MinSizeRel|x64 = MinSizeRel|x64
		RelWithDebInfo|x64 = RelWithDebInfo|x64
	EndGlobalSection
	GlobalSection(ProjectConfigurationPlatforms) = postSolution
		{A741328A-B4A6-31A4-A7C1-7B1BDB79302B}.Debug|x64.ActiveCfg = Debug|x64
		{A741328A-B4A6-31A4-A7C1-7B1BDB79302B}.Debug|x64.Build.0 = Debug|x64
		{A741328A-B4A6-31A4-A7C1-7B1BDB79302B}.Release|x64.ActiveCfg = Release|x64
		{A741328A-B4A6-31A4-A7C1-7B1BDB79302B}.Release|x64.Build.0 = Release|x64
		{A741328A-B4A6-31A4-A7C1-7B1BDB79302B}.MinSizeRel|x64.ActiveCfg = MinSizeRel|x64
		{A741328A-B4A6-31A4-A7C1-7B1BDB79302B}.MinSizeRel|x64.Build.0 = MinSizeRel|x64
		{A741328A-B4A6-31A4-A7C1-7B1BDB79302B}.RelWithDebInfo|x64.ActiveCfg = RelWithDebInfo|x64
		{A741328A-B4A6-31A4-A7C1-7B1BDB79302B}.RelWithDebInfo|x64.Build.0 = RelWithDebInfo|x64
		{68CB964B-6CF7-3F46-A0B8-FEAE85117291}.Debug|x64.ActiveCfg = Debug|x64
		{68CB964B-6CF7-3F46-A0B8-FEAE85117291}.Debug|x64.Build.0 = Debug|x64
		{68CB964B-6CF7-3F46-A0B8-FEAE85117291}.Release|x64.ActiveCfg = Release|x64
		{68CB964B-6CF7-3F46-A0B8-FEAE85117291}.Release|x64.Build.0 = Release|x64
		{68CB964B-6CF7-3F46-A0B8-FEAE85117291}.MinSizeRel|x64.ActiveCfg = MinSizeRel|x64
		{68CB964B-6CF7-3F46-A0B8-FEAE85117291}.MinSizeRel|x64.Build.0 = MinSizeRel|x64
		{68CB964B-6CF7-3F46-A0B8-FEAE85117291}.RelWithDebInfo|x64.ActiveCfg = RelWithDebInfo|x64
		{68CB964B-6CF7-3F46-A0B8-FEAE85117291}.RelWithDebInfo|x64.Build.0 = RelWithDebInfo|x64
		{9CF2A1DB-A638-333C-AE35-D43043B3DC41}.Debug|x64.ActiveCfg = Debug|x64
		{9CF2A1DB-A638-333C-AE35-D43043B3DC41}.Debug|x64.Build.0 = Debug|x64
		{9CF2A1DB-A638-333C-AE35-D43043B3DC41}.Release|x64.ActiveCfg = Release|x64
		{9CF2A1DB-A638-333C-AE35-D43043B3DC41}.Release|x64.Build.0 = Release|x64
		{9CF2A1DB-A638-333C-AE35-D43043B3DC41}.MinSizeRel|x64.ActiveCfg = MinSizeRel|x64
		{9CF2A1DB-A638-333C-AE35-D43043B3DC41}.MinSizeRel|x64.Build.0 = MinSizeRel|x64
		{9CF2A1DB-A638-333C-AE35-D43043B3DC41}.RelWithDebInfo|x64.ActiveCfg = RelWithDebInfo|x64
		{9CF2A1DB-A638-333C-AE35-D43043B3DC41}.RelWithDebInfo|x64.Build.0 = RelWithDebInfo|x64
		{A08DF81A-7331-3B9E-98FA-BE66980061CE}.Debug|x64.ActiveCfg = Debug|x64
		{A08DF81A-7331-3B9E-98FA-BE66980061CE}.Debug|x64.Build.0 = Debug|x64
		{A08DF81A-7331-3B9E-98FA-BE66980061CE}.Release|x64.ActiveCfg = Release|x64
		{A08DF81A-7331-3B9E-98FA-BE66980061CE}.Release|x64.Build.0 = Release|x64
		{A08DF81A-7331-3B9E-98FA-BE66980061CE}.MinSizeRel|x64.ActiveCfg = MinSizeRel|x64
		{A08DF81A-7331-3B9E-98FA-BE66980061CE}.MinSizeRel|x64.Build.0 = MinSizeRel|x64
		{A08DF81A-7331-3B9E-98FA-BE66980061CE}.RelWithDebInfo|x64.ActiveCfg = RelWithDebInfo|x64
		{A08DF81A-7331-3B9E-98FA-BE66980061CE}.RelWithDebInfo|x64.Build.0 = RelWithDebInfo|x64
		{E94A77F5-B6A4-31EB-A12B-AE6B1E520B4E}.Debug|x64.ActiveCfg = Debug|x64
		{E94A77F5-B6A4-31EB-A12B-AE6B1E520B4E}.Debug|x64.Build.0 = Debug|x64
		{E94A77F5-B6A4-31EB-A12B-AE6B1E520B4E}.Release|x64.ActiveCfg = Release|x64
		{E94A77F5-B6A4-31EB-A12B-AE6B1E520B4E}.Release|x64.Build.0 = Release|x64
		{E94A77F5-B6A4-31EB-A12B-AE6B1E520B4E}.MinSizeRel|x64.ActiveCfg = MinSizeRel|x64
		{E94A77F5-B6A4-31EB-A12B-AE6B1E520B4E}.MinSizeRel|x64.Build.0 = MinSizeRel|x64
		{E94A77F5-B6A4-31EB-A12B-AE6B1E520B4E}.RelWithDebInfo|x64.ActiveCfg = RelWithDebInfo|x64
		{E94A77F5-B6A4-31EB-A12B-AE6B1E520B4E}.RelWithDebInfo|x64.Build.0 = RelWithDebInfo|x64
		{C8D0D80B-7D48-318D-BC58-F618C5596EBE}.Debug|x64.ActiveCfg = Debug|x64
		{C8D0D80B-7D48-318D-BC58-F618C5596EBE}.Debug|x64.Build.0 = Debug|x64
		{C8D0D80B-7D48-318D-BC58-F618C5596EBE}.Release|x64.ActiveCfg = Release|x64
		{C8D0D80B-7D48-318D-BC58-F618C5596EBE}.Release|x64.Build.0 = Release|x64
		{C8D0D80B-7D48-318D-BC58-F618C5596EBE}.MinSizeRel|x64.ActiveCfg = MinSizeRel|x64
		{C8D0D80B-7D48-318D-BC58-F618C5596EBE}.MinSizeRel|x64.Build.0 = MinSizeRel|x64
		{C8D0D80B-7D48-318D-BC58-F618C5596EBE}.RelWithDebInfo|x64.ActiveCfg = RelWithDebInfo|x64
		{C8D0D80B-7D48-318D-BC58-F618C5596EBE}.RelWithDebInfo|x64.Build.0 = RelWithDebInfo|x64
		{430564E6-6B96-3481-B1AC-D800882D3D1B}.Debug|x64.ActiveCfg = Debug|x64
		{430564E6-6B96-3481-B1AC-D800882D3D1B}.Debug|x64.Build.0 = Debug|x64
		{430564E6-6B96-3481-B1AC-D800882D3D1B}.Release|x64.ActiveCfg = Release|x64
		{430564E6-6B96-3481-B1AC-D800882D3D1B}.Release|x64.Build.0 = Release|x64
		{430564E6-6B96-3481-B1AC-D800882D3D1B}.MinSizeRel|x64.ActiveCfg = MinSizeRel|x64
		{430564E6-6B96-3481-B1AC-D800882D3D1B}.MinSizeRel|x64.Build.0 = MinSizeRel|x64
		{430564E6-6B96-3481-B1AC-D800882D3D1B}.RelWithDebInfo|x64.ActiveCfg = RelWithDebInfo|x64
		{430564E6-6B96-3481-B1AC-D800882D3D1B}.RelWithDebInfo|x64.Build.0 = RelWithDebInfo|x64
		{169AB04C-8BB2-3C0B-82AD-D07536C8B535}.Debug|x64.ActiveCfg = Debug|x64
		{169AB04C-8BB2-3C0B-82AD-D07536C8B535}.Release|x64.ActiveCfg = Release|x64
		{169AB04C-8BB2-3C0B-82AD-D07536C8B535}.MinSizeRel|x64.ActiveCfg = MinSizeRel|x64
		{169AB04C-8BB2-3C0B-82AD-D07536C8B535}.RelWithDebInfo|x64.ActiveCfg = RelWithDebInfo|x64
		{41B707E7-F897-37EA-BC49-BE30898D7519}.Debug|x64.ActiveCfg = Debug|x64
		{41B707E7-F897-37EA-BC49-BE30898D7519}.Debug|x64.Build.0 = Debug|x64
		{41B707E7-F897-37EA-BC49-BE30898D7519}.Release|x64.ActiveCfg = Release|x64
		{41B707E7-F897-37EA-BC49-BE30898D7519}.Release|x64.Build.0 = Release|x64
		{41B707E7-F897-37EA-BC49-BE30898D7519}.MinSizeRel|x64.ActiveCfg = MinSizeRel|x64
		{41B707E7-F897-37EA-BC49-BE30898D7519}.MinSizeRel|x64.Build.0 = MinSizeRel|x64
		{41B707E7-F897-37EA-BC49-BE30898D7519}.RelWithDebInfo|x64.ActiveCfg = RelWithDebInfo|x64
		{41B707E7-F897-37EA-BC49-BE30898D7519}.RelWithDebInfo|x64.Build.0 = RelWithDebInfo|x64
		{970E3E29-C117-3319-8508-D1EC406D8FA4}.Debug|x64.ActiveCfg = Debug|x64
		{970E3E29-C117-3319-8508-D1EC406D8FA4}.Debug|x64.Build.0 = Debug|x64
		{970E3E29-C117-3319-8508-D1EC406D8FA4}.Release|x64.ActiveCfg = Release|x64
		{970E3E29-C117-3319-8508-D1EC406D8FA4}.Release|x64.Build.0 = Release|x64
		{970E3E29-C117-3319-8508-D1EC406D8FA4}.MinSizeRel|x64.ActiveCfg = MinSizeRel|x64
		{970E3E29-C117-3319-8508-D1EC406D8FA4}.MinSizeRel|x64.Build.0 = MinSizeRel|x64
		{970E3E29-C117-3319-8508-D1EC406D8FA4}.RelWithDebInfo|x64.ActiveCfg = RelWithDebInfo|x64
		{970E3E29-C117-3319-8508-D1EC406D8FA4}.RelWithDebInfo|x64.Build.0 = RelWithDebInfo|x64
		{BCCE8504-7CDC-3893-9336-7B7F45C8841B}.Debug|x64.ActiveCfg = Debug|x64
		{BCCE8504-7CDC-3893-9336-7B7F45C8841B}.Debug|x64.Build.0 = Debug|x64
		{BCCE8504-7CDC-3893-9336-7B7F45C8841B}.Release|x64.ActiveCfg = Release|x64
		{BCCE8504-7CDC-3893-9336-7B7F45C8841B}.Release|x64.Build.0 = Release|x64
		{BCCE8504-7CDC-3893-9336-7B7F45C8841B}.MinSizeRel|x64.ActiveCfg = MinSizeRel|x64
		{BCCE8504-7CDC-3893-9336-7B7F45C8841B}.MinSizeRel|x64.Build.0 = MinSizeRel|x64
		{BCCE8504-7CDC-3893-9336-7B7F45C8841B}.RelWithDebInfo|x64.ActiveCfg = RelWithDebInfo|x64
		{BCCE8504-7CDC-3893-9336-7B7F45C8841B}.RelWithDebInfo|x64.Build.0 = RelWithDebInfo|x64
		{88DDAB3C-BE37-300F-A4E7-CC116B1D7D9D}.Debug|x64.ActiveCfg = Debug|x64
		{88DDAB3C-BE37-300F-A4E7-CC116B1D7D9D}.Debug|x64.Build.0 = Debug|x64
		{88DDAB3C-BE37-300F-A4E7-CC116B1D7D9D}.Release|x64.ActiveCfg = Release|x64
		{88DDAB3C-BE37-300F-A4E7-CC116B1D7D9D}.Release|x64.Build.0 = Release|x64
		{88DDAB3C-BE37-300F-A4E7-CC116B1D7D9D}.MinSizeRel|x64.ActiveCfg = MinSizeRel|x64
		{88DDAB3C-BE37-300F-A4E7-CC116B1D7D9D}.MinSizeRel|x64.Build.0 = MinSizeRel|x64
		{88DDAB3C-BE37-300F-A4E7-CC116B1D7D9D}.RelWithDebInfo|x64.ActiveCfg = RelWithDebInfo|x64
		{88DDAB3C-BE37-300F-A4E7-CC116B1D7D9D}.RelWithDebInfo|x64.Build.0 = RelWithDebInfo|x64
		{5A7EE6E5-37D8-3A3F-8728-6E40838ECA9E}.Debug|x64.ActiveCfg = Debug|x64
		{5A7EE6E5-37D8-3A3F-8728-6E40838ECA9E}.Debug|x64.Build.0 = Debug|x64
		{5A7EE6E5-37D8-3A3F-8728-6E40838ECA9E}.Release|x64.ActiveCfg = Release|x64
		{5A7EE6E5-37D8-3A3F-8728-6E40838ECA9E}.Release|x64.Build.0 = Release|x64
		{5A7EE6E5-37D8-3A3F-8728-6E40838ECA9E}.MinSizeRel|x64.ActiveCfg = MinSizeRel|x64
		{5A7EE6E5-37D8-3A3F-8728-6E40838ECA9E}.MinSizeRel|x64.Build.0 = MinSizeRel|x64
		{5A7EE6E5-37D8-3A3F-8728-6E40838ECA9E}.RelWithDebInfo|x64.ActiveCfg = RelWithDebInfo|x64
		{5A7EE6E5-37D8-3A3F-8728-6E40838ECA9E}.RelWithDebInfo|x64.Build.0 = RelWithDebInfo|x64
		{5C1FB480-A138-3640-9933-D63AADE54B69}.Debug|x64.ActiveCfg = Debug|x64
		{5C1FB480-A138-3640-9933-D63AADE54B69}.Debug|x64.Build.0 = Debug|x64
		{5C1FB480-A138-3640-9933-D63AADE54B69}.Release|x64.ActiveCfg = Release|x64
		{5C1FB480-A138-3640-9933-D63AADE54B69}.Release|x64.Build.0 = Release|x64
		{5C1FB480-A138-3640-9933-D63AADE54B69}.MinSizeRel|x64.ActiveCfg = MinSizeRel|x64
		{5C1FB480-A138-3640-9933-D63AADE54B69}.MinSizeRel|x64.Build.0 = MinSizeRel|x64
		{5C1FB480-A138-3640-9933-D63AADE54B69}.RelWithDebInfo|x64.ActiveCfg = RelWithDebInfo|x64
		{5C1FB480-A138-3640-9933-D63AADE54B69}.RelWithDebInfo|x64.Build.0 = RelWithDebInfo|x64
		{F0855FF3-3982-3536-A26E-5312E050A135}.Debug|x64.ActiveCfg = Debug|x64
		{F0855FF3-3982-3536-A26E-5312E050A135}.Debug|x64.Build.0 = Debug|x64
		{F0855FF3-3982-3536-A26E-5312E050A135}.Release|x64.ActiveCfg = Release|x64
		{F0855FF3-3982-3536-A26E-5312E050A135}.Release|x64.Build.0 = Release|x64
		{F0855FF3-3982-3536-A26E-5312E050A135}.MinSizeRel|x64.ActiveCfg = MinSizeRel|x64
		{F0855FF3-3982-3536-A26E-5312E050A135}.MinSizeRel|x64.Build.0 = MinSizeRel|x64
		{F0855FF3-3982-3536-A26E-5312E050A135}.RelWithDebInfo|x64.ActiveCfg = RelWithDebInfo|x64
		{F0855FF3-3982-3536-A26E-5312E050A135}.RelWithDebInfo|x64.Build.0 = RelWithDebInfo|x64
		{26F9A584-483B-329B-89CB-FBBCE02A2752}.Debug|x64.ActiveCfg = Debug|x64
		{26F9A584-483B-329B-89CB-FBBCE02A2752}.Debug|x64.Build.0 = Debug|x64
		{26F9A584-483B-329B-89CB-FBBCE02A2752}.Release|x64.ActiveCfg = Release|x64
		{26F9A584-483B-329B-89CB-FBBCE02A2752}.Release|x64.Build.0 = Release|x64
		{26F9A584-483B-329B-89CB-FBBCE02A2752}.MinSizeRel|x64.ActiveCfg = MinSizeRel|x64
		{26F9A584-483B-329B-89CB-FBBCE02A2752}.MinSizeRel|x64.Build.0 = MinSizeRel|x64
		{26F9A584-483B-329B-89CB-FBBCE02A2752}.RelWithDebInfo|x64.ActiveCfg = RelWithDebInfo|x64
		{26F9A584-483B-329B-89CB-FBBCE02A2752}.RelWithDebInfo|x64.Build.0 = RelWithDebInfo|x64
		{CE853954-9F28-34EC-AE22-755854582678}.Debug|x64.ActiveCfg = Debug|x64
		{CE853954-9F28-34EC-AE22-755854582678}.Debug|x64.Build.0 = Debug|x64
		{CE853954-9F28-34EC-AE22-755854582678}.Release|x64.ActiveCfg = Release|x64
		{CE853954-9F28-34EC-AE22-755854582678}.Release|x64.Build.0 = Release|x64
		{CE853954-9F28-34EC-AE22-755854582678}.MinSizeRel|x64.ActiveCfg = MinSizeRel|x64
		{CE853954-9F28-34EC-AE22-755854582678}.MinSizeRel|x64.Build.0 = MinSizeRel|x64
		{CE853954-9F28-34EC-AE22-755854582678}.RelWithDebInfo|x64.ActiveCfg = RelWithDebInfo|x64
		{CE853954-9F28-34EC-AE22-755854582678}.RelWithDebInfo|x64.Build.0 = RelWithDebInfo|x64
		{05E9FD63-71FA-334C-B0AF-DA99D67BD177}.Debug|x64.ActiveCfg = Debug|x64
		{05E9FD63-71FA-334C-B0AF-DA99D67BD177}.Debug|x64.Build.0 = Debug|x64
		{05E9FD63-71FA-334C-B0AF-DA99D67BD177}.Release|x64.ActiveCfg = Release|x64
		{05E9FD63-71FA-334C-B0AF-DA99D67BD177}.Release|x64.Build.0 = Release|x64
		{05E9FD63-71FA-334C-B0AF-DA99D67BD177}.MinSizeRel|x64.ActiveCfg = MinSizeRel|x64
		{05E9FD63-71FA-334C-B0AF-DA99D67BD177}.MinSizeRel|x64.Build.0 = MinSizeRel|x64
		{05E9FD63-71FA-334C-B0AF-DA99D67BD177}.RelWithDebInfo|x64.ActiveCfg = RelWithDebInfo|x64
		{05E9FD63-71FA-334C-B0AF-DA99D67BD177}.RelWithDebInfo|x64.Build.0 = RelWithDebInfo|x64
		{F1906A70-80D3-3C4C-8C30-FBE27D68BA94}.Debug|x64.ActiveCfg = Debug|x64
		{F1906A70-80D3-3C4C-8C30-FBE27D68BA94}.Debug|x64.Build.0 = Debug|x64
		{F1906A70-80D3-3C4C-8C30-FBE27D68BA94}.Release|x64.ActiveCfg = Release|x64
		{F1906A70-80D3-3C4C-8C30-FBE27D68BA94}.Release|x64.Build.0 = Release|x64
		{F1906A70-80D3-3C4C-8C30-FBE27D68BA94}.MinSizeRel|x64.ActiveCfg = MinSizeRel|x64
		{F1906A70-80D3-3C4C-8C30-FBE27D68BA94}.MinSizeRel|x64.Build.0 = MinSizeRel|x64
		{F1906A70-80D3-3C4C-8C30-FBE27D68BA94}.RelWithDebInfo|x64.ActiveCfg = RelWithDebInfo|x64
		{F1906A70-80D3-3C4C-8C30-FBE27D68BA94}.RelWithDebInfo|x64.Build.0 = RelWithDebInfo|x64
		{E312F05F-C6CD-3992-9464-1FBB2CA20FA7}.Debug|x64.ActiveCfg = Debug|x64
		{E312F05F-C6CD-3992-9464-1FBB2CA20FA7}.Debug|x64.Build.0 = Debug|x64
		{E312F05F-C6CD-3992-9464-1FBB2CA20FA7}.Release|x64.ActiveCfg = Release|x64
		{E312F05F-C6CD-3992-9464-1FBB2CA20FA7}.Release|x64.Build.0 = Release|x64
		{E312F05F-C6CD-3992-9464-1FBB2CA20FA7}.MinSizeRel|x64.ActiveCfg = MinSizeRel|x64
		{E312F05F-C6CD-3992-9464-1FBB2CA20FA7}.MinSizeRel|x64.Build.0 = MinSizeRel|x64
		{E312F05F-C6CD-3992-9464-1FBB2CA20FA7}.RelWithDebInfo|x64.ActiveCfg = RelWithDebInfo|x64
		{E312F05F-C6CD-3992-9464-1FBB2CA20FA7}.RelWithDebInfo|x64.Build.0 = RelWithDebInfo|x64
		{744FB92B-7149-3641-8698-28C2307897CF}.Debug|x64.ActiveCfg = Debug|x64
		{744FB92B-7149-3641-8698-28C2307897CF}.Debug|x64.Build.0 = Debug|x64
		{744FB92B-7149-3641-8698-28C2307897CF}.Release|x64.ActiveCfg = Release|x64
		{744FB92B-7149-3641-8698-28C2307897CF}.Release|x64.Build.0 = Release|x64
		{744FB92B-7149-3641-8698-28C2307897CF}.MinSizeRel|x64.ActiveCfg = MinSizeRel|x64
		{744FB92B-7149-3641-8698-28C2307897CF}.MinSizeRel|x64.Build.0 = MinSizeRel|x64
		{744FB92B-7149-3641-8698-28C2307897CF}.RelWithDebInfo|x64.ActiveCfg = RelWithDebInfo|x64
		{744FB92B-7149-3641-8698-28C2307897CF}.RelWithDebInfo|x64.Build.0 = RelWithDebInfo|x64
		{FCB774B6-7966-377B-8992-71248302A4BD}.Debug|x64.ActiveCfg = Debug|x64
		{FCB774B6-7966-377B-8992-71248302A4BD}.Debug|x64.Build.0 = Debug|x64
		{FCB774B6-7966-377B-8992-71248302A4BD}.Release|x64.ActiveCfg = Release|x64
		{FCB774B6-7966-377B-8992-71248302A4BD}.Release|x64.Build.0 = Release|x64
		{FCB774B6-7966-377B-8992-71248302A4BD}.MinSizeRel|x64.ActiveCfg = MinSizeRel|x64
		{FCB774B6-7966-377B-8992-71248302A4BD}.MinSizeRel|x64.Build.0 = MinSizeRel|x64
		{FCB774B6-7966-377B-8992-71248302A4BD}.RelWithDebInfo|x64.ActiveCfg = RelWithDebInfo|x64
		{FCB774B6-7966-377B-8992-71248302A4BD}.RelWithDebInfo|x64.Build.0 = RelWithDebInfo|x64
		{43ABE2CF-97F1-36E5-B421-9716D1C1A14D}.Debug|x64.ActiveCfg = Debug|x64
		{43ABE2CF-97F1-36E5-B421-9716D1C1A14D}.Debug|x64.Build.0 = Debug|x64
		{43ABE2CF-97F1-36E5-B421-9716D1C1A14D}.Release|x64.ActiveCfg = Release|x64
		{43ABE2CF-97F1-36E5-B421-9716D1C1A14D}.Release|x64.Build.0 = Release|x64
		{43ABE2CF-97F1-36E5-B421-9716D1C1A14D}.MinSizeRel|x64.ActiveCfg = MinSizeRel|x64
		{43ABE2CF-97F1-36E5-B421-9716D1C1A14D}.MinSizeRel|x64.Build.0 = MinSizeRel|x64
		{43ABE2CF-97F1-36E5-B421-9716D1C1A14D}.RelWithDebInfo|x64.ActiveCfg = RelWithDebInfo|x64
		{43ABE2CF-97F1-36E5-B421-9716D1C1A14D}.RelWithDebInfo|x64.Build.0 = RelWithDebInfo|x64
		{F3B300FB-3612-3CC6-A832-99D5AB7A71A4}.Debug|x64.ActiveCfg = Debug|x64
		{F3B300FB-3612-3CC6-A832-99D5AB7A71A4}.Debug|x64.Build.0 = Debug|x64
		{F3B300FB-3612-3CC6-A832-99D5AB7A71A4}.Release|x64.ActiveCfg = Release|x64
		{F3B300FB-3612-3CC6-A832-99D5AB7A71A4}.Release|x64.Build.0 = Release|x64
		{F3B300FB-3612-3CC6-A832-99D5AB7A71A4}.MinSizeRel|x64.ActiveCfg = MinSizeRel|x64
		{F3B300FB-3612-3CC6-A832-99D5AB7A71A4}.MinSizeRel|x64.Build.0 = MinSizeRel|x64
		{F3B300FB-3612-3CC6-A832-99D5AB7A71A4}.RelWithDebInfo|x64.ActiveCfg = RelWithDebInfo|x64
		{F3B300FB-3612-3CC6-A832-99D5AB7A71A4}.RelWithDebInfo|x64.Build.0 = RelWithDebInfo|x64
		{6992D518-2F86-39A1-A03C-940443743915}.Debug|x64.ActiveCfg = Debug|x64
		{6992D518-2F86-39A1-A03C-940443743915}.Debug|x64.Build.0 = Debug|x64
		{6992D518-2F86-39A1-A03C-940443743915}.Release|x64.ActiveCfg = Release|x64
		{6992D518-2F86-39A1-A03C-940443743915}.Release|x64.Build.0 = Release|x64
		{6992D518-2F86-39A1-A03C-940443743915}.MinSizeRel|x64.ActiveCfg = MinSizeRel|x64
		{6992D518-2F86-39A1-A03C-940443743915}.MinSizeRel|x64.Build.0 = MinSizeRel|x64
		{6992D518-2F86-39A1-A03C-940443743915}.RelWithDebInfo|x64.ActiveCfg = RelWithDebInfo|x64
		{6992D518-2F86-39A1-A03C-940443743915}.RelWithDebInfo|x64.Build.0 = RelWithDebInfo|x64
		{CFF7F925-2326-332F-85FF-94A3EDCC4AFB}.Debug|x64.ActiveCfg = Debug|x64
		{CFF7F925-2326-332F-85FF-94A3EDCC4AFB}.Debug|x64.Build.0 = Debug|x64
		{CFF7F925-2326-332F-85FF-94A3EDCC4AFB}.Release|x64.ActiveCfg = Release|x64
		{CFF7F925-2326-332F-85FF-94A3EDCC4AFB}.Release|x64.Build.0 = Release|x64
		{CFF7F925-2326-332F-85FF-94A3EDCC4AFB}.MinSizeRel|x64.ActiveCfg = MinSizeRel|x64
		{CFF7F925-2326-332F-85FF-94A3EDCC4AFB}.MinSizeRel|x64.Build.0 = MinSizeRel|x64
		{CFF7F925-2326-332F-85FF-94A3EDCC4AFB}.RelWithDebInfo|x64.ActiveCfg = RelWithDebInfo|x64
		{CFF7F925-2326-332F-85FF-94A3EDCC4AFB}.RelWithDebInfo|x64.Build.0 = RelWithDebInfo|x64
		{41C4C707-16D3-34B9-9F93-B89A1CFC17AE}.Debug|x64.ActiveCfg = Debug|x64
		{41C4C707-16D3-34B9-9F93-B89A1CFC17AE}.Debug|x64.Build.0 = Debug|x64
		{41C4C707-16D3-34B9-9F93-B89A1CFC17AE}.Release|x64.ActiveCfg = Release|x64
		{41C4C707-16D3-34B9-9F93-B89A1CFC17AE}.Release|x64.Build.0 = Release|x64
		{41C4C707-16D3-34B9-9F93-B89A1CFC17AE}.MinSizeRel|x64.ActiveCfg = MinSizeRel|x64
		{41C4C707-16D3-34B9-9F93-B89A1CFC17AE}.MinSizeRel|x64.Build.0 = MinSizeRel|x64
		{41C4C707-16D3-34B9-9F93-B89A1CFC17AE}.RelWithDebInfo|x64.ActiveCfg = RelWithDebInfo|x64
		{41C4C707-16D3-34B9-9F93-B89A1CFC17AE}.RelWithDebInfo|x64.Build.0 = RelWithDebInfo|x64
	EndGlobalSection
	GlobalSection(ExtensibilityGlobals) = postSolution
		SolutionGuid = {68DA9DA9-5675-3DE3-AE11-DA9FAC3C7683}
	EndGlobalSection
	GlobalSection(ExtensibilityAddIns) = postSolution
	EndGlobalSection
EndGlobal
